
Microsoft Visual Studio Solution File, Format Version 12.00
# Visual Studio 15
VisualStudioVersion = 15.0.28307.271
MinimumVisualStudioVersion = 10.0.40219.1
Project("{FAE04EC0-301F-11D3-BF4B-00C04F79EFBC}") = "keysProject", "keysProject\keysProject.csproj", "{366674C8-DD08-4904-9EE4-750C0D67DE07}"
EndProject
Project("{FAE04EC0-301F-11D3-BF4B-00C04F79EFBC}") = "NUnitTestProject1", "NUnitTestProject1\NUnitTestProject1.csproj", "{2A5B5FE1-4BE6-41B9-A899-06FFAF1580ED}"
EndProject
Global
	GlobalSection(SolutionConfigurationPlatforms) = preSolution
		Debug|Any CPU = Debug|Any CPU
		Release|Any CPU = Release|Any CPU
	EndGlobalSection
	GlobalSection(ProjectConfigurationPlatforms) = postSolution
		{366674C8-DD08-4904-9EE4-750C0D67DE07}.Debug|Any CPU.ActiveCfg = Debug|Any CPU
		{366674C8-DD08-4904-9EE4-750C0D67DE07}.Debug|Any CPU.Build.0 = Debug|Any CPU
		{366674C8-DD08-4904-9EE4-750C0D67DE07}.Release|Any CPU.ActiveCfg = Release|Any CPU
		{366674C8-DD08-4904-9EE4-750C0D67DE07}.Release|Any CPU.Build.0 = Release|Any CPU
		{2A5B5FE1-4BE6-41B9-A899-06FFAF1580ED}.Debug|Any CPU.ActiveCfg = Debug|Any CPU
		{2A5B5FE1-4BE6-41B9-A899-06FFAF1580ED}.Debug|Any CPU.Build.0 = Debug|Any CPU
		{2A5B5FE1-4BE6-41B9-A899-06FFAF1580ED}.Release|Any CPU.ActiveCfg = Release|Any CPU
		{2A5B5FE1-4BE6-41B9-A899-06FFAF1580ED}.Release|Any CPU.Build.0 = Release|Any CPU
	EndGlobalSection
	GlobalSection(SolutionProperties) = preSolution
		HideSolutionNode = FALSE
	EndGlobalSection
	GlobalSection(ExtensibilityGlobals) = postSolution
		SolutionGuid = {CD66B989-668A-431F-9F1F-E93995EF097C}
	EndGlobalSection
EndGlobal
